// !$*UTF8*$!
{
	archiveVersion = 1;
	classes = {
	};
	objectVersion = 77;
	objects = {

/* Begin PBXContainerItemProxy section */
		19714DAF2E20CE7E00471C27 /* PBXContainerItemProxy */ = {
			isa = PBXContainerItemProxy;
			containerPortal = 19714D992E20CE7C00471C27 /* Project object */;
			proxyType = 1;
			remoteGlobalIDString = 19714DA02E20CE7C00471C27;
			remoteInfo = PiggyBank;
		};
		19714DB92E20CE7E00471C27 /* PBXContainerItemProxy */ = {
			isa = PBXContainerItemProxy;
			containerPortal = 19714D992E20CE7C00471C27 /* Project object */;
			proxyType = 1;
			remoteGlobalIDString = 19714DA02E20CE7C00471C27;
			remoteInfo = PiggyBank;
		};
/* End PBXContainerItemProxy section */

/* Begin PBXFileReference section */
		19714DA12E20CE7C00471C27 /* PiggyBank.app */ = {isa = PBXFileReference; explicitFileType = wrapper.application; includeInIndex = 0; path = PiggyBank.app; sourceTree = BUILT_PRODUCTS_DIR; };
		19714DAE2E20CE7E00471C27 /* PiggyBankTests.xctest */ = {isa = PBXFileReference; explicitFileType = wrapper.cfbundle; includeInIndex = 0; path = PiggyBankTests.xctest; sourceTree = BUILT_PRODUCTS_DIR; };
		19714DB82E20CE7E00471C27 /* PiggyBankUITests.xctest */ = {isa = PBXFileReference; explicitFileType = wrapper.cfbundle; includeInIndex = 0; path = PiggyBankUITests.xctest; sourceTree = BUILT_PRODUCTS_DIR; };
/* End PBXFileReference section */

/* Begin PBXFileSystemSynchronizedRootGroup section */
		19714DA32E20CE7C00471C27 /* PiggyBank */ = {
			isa = PBXFileSystemSynchronizedRootGroup;
			path = PiggyBank;
			sourceTree = "<group>";
		};
		19714DB12E20CE7E00471C27 /* PiggyBankTests */ = {
			isa = PBXFileSystemSynchronizedRootGroup;
			path = PiggyBankTests;
			sourceTree = "<group>";
		};
		19714DBB2E20CE7E00471C27 /* PiggyBankUITests */ = {
			isa = PBXFileSystemSynchronizedRootGroup;
			path = PiggyBankUITests;
			sourceTree = "<group>";
		};
/* End PBXFileSystemSynchronizedRootGroup section */

/* Begin PBXFrameworksBuildPhase section */
		19714D9E2E20CE7C00471C27 /* Frameworks */ = {
			isa = PBXFrameworksBuildPhase;
			buildActionMask = 2147483647;
			files = (
			);
			runOnlyForDeploymentPostprocessing = 0;
		};
		19714DAB2E20CE7E00471C27 /* Frameworks */ = {
			isa = PBXFrameworksBuildPhase;
			buildActionMask = 2147483647;
			files = (
			);
			runOnlyForDeploymentPostprocessing = 0;
		};
		19714DB52E20CE7E00471C27 /* Frameworks */ = {
			isa = PBXFrameworksBuildPhase;
			buildActionMask = 2147483647;
			files = (
			);
			runOnlyForDeploymentPostprocessing = 0;
		};
/* End PBXFrameworksBuildPhase section */

/* Begin PBXGroup section */
		19714D982E20CE7C00471C27 = {
			isa = PBXGroup;
			children = (
				19714DA32E20CE7C00471C27 /* PiggyBank */,
				19714DB12E20CE7E00471C27 /* PiggyBankTests */,
				19714DBB2E20CE7E00471C27 /* PiggyBankUITests */,
				19714DA22E20CE7C00471C27 /* Products */,
			);
			sourceTree = "<group>";
		};
		19714DA22E20CE7C00471C27 /* Products */ = {
			isa = PBXGroup;
			children = (
				19714DA12E20CE7C00471C27 /* PiggyBank.app */,
				19714DAE2E20CE7E00471C27 /* PiggyBankTests.xctest */,
				19714DB82E20CE7E00471C27 /* PiggyBankUITests.xctest */,
			);
			name = Products;
			sourceTree = "<group>";
		};
/* End PBXGroup section */

/* Begin PBXNativeTarget section */
		19714DA02E20CE7C00471C27 /* PiggyBank */ = {
			isa = PBXNativeTarget;
			buildConfigurationList = 19714DC22E20CE7E00471C27 /* Build configuration list for PBXNativeTarget "PiggyBank" */;
			buildPhases = (
				19714D9D2E20CE7C00471C27 /* Sources */,
				19714D9E2E20CE7C00471C27 /* Frameworks */,
				19714D9F2E20CE7C00471C27 /* Resources */,
			);
			buildRules = (
			);
			dependencies = (
			);
			fileSystemSynchronizedGroups = (
				19714DA32E20CE7C00471C27 /* PiggyBank */,
			);
			name = PiggyBank;
			packageProductDependencies = (
			);
			productName = PiggyBank;
			productReference = 19714DA12E20CE7C00471C27 /* PiggyBank.app */;
			productType = "com.apple.product-type.application";
		};
		19714DAD2E20CE7E00471C27 /* PiggyBankTests */ = {
			isa = PBXNativeTarget;
			buildConfigurationList = 19714DC52E20CE7E00471C27 /* Build configuration list for PBXNativeTarget "PiggyBankTests" */;
			buildPhases = (
				19714DAA2E20CE7E00471C27 /* Sources */,
				19714DAB2E20CE7E00471C27 /* Frameworks */,
				19714DAC2E20CE7E00471C27 /* Resources */,
			);
			buildRules = (
			);
			dependencies = (
				19714DB02E20CE7E00471C27 /* PBXTargetDependency */,
			);
			fileSystemSynchronizedGroups = (
				19714DB12E20CE7E00471C27 /* PiggyBankTests */,
			);
			name = PiggyBankTests;
			packageProductDependencies = (
			);
			productName = PiggyBankTests;
			productReference = 19714DAE2E20CE7E00471C27 /* PiggyBankTests.xctest */;
			productType = "com.apple.product-type.bundle.unit-test";
		};
		19714DB72E20CE7E00471C27 /* PiggyBankUITests */ = {
			isa = PBXNativeTarget;
			buildConfigurationList = 19714DC82E20CE7E00471C27 /* Build configuration list for PBXNativeTarget "PiggyBankUITests" */;
			buildPhases = (
				19714DB42E20CE7E00471C27 /* Sources */,
				19714DB52E20CE7E00471C27 /* Frameworks */,
				19714DB62E20CE7E00471C27 /* Resources */,
			);
			buildRules = (
			);
			dependencies = (
				19714DBA2E20CE7E00471C27 /* PBXTargetDependency */,
			);
			fileSystemSynchronizedGroups = (
				19714DBB2E20CE7E00471C27 /* PiggyBankUITests */,
			);
			name = PiggyBankUITests;
			packageProductDependencies = (
			);
			productName = PiggyBankUITests;
			productReference = 19714DB82E20CE7E00471C27 /* PiggyBankUITests.xctest */;
			productType = "com.apple.product-type.bundle.ui-testing";
		};
/* End PBXNativeTarget section */

/* Begin PBXProject section */
		19714D992E20CE7C00471C27 /* Project object */ = {
			isa = PBXProject;
			attributes = {
				BuildIndependentTargetsInParallel = 1;
				LastSwiftUpdateCheck = 1640;
				LastUpgradeCheck = 1640;
				TargetAttributes = {
					19714DA02E20CE7C00471C27 = {
						CreatedOnToolsVersion = 16.4;
					};
					19714DAD2E20CE7E00471C27 = {
						CreatedOnToolsVersion = 16.4;
						TestTargetID = 19714DA02E20CE7C00471C27;
					};
					19714DB72E20CE7E00471C27 = {
						CreatedOnToolsVersion = 16.4;
						TestTargetID = 19714DA02E20CE7C00471C27;
					};
				};
			};
			buildConfigurationList = 19714D9C2E20CE7C00471C27 /* Build configuration list for PBXProject "PiggyBank" */;
			developmentRegion = en;
			hasScannedForEncodings = 0;
			knownRegions = (
				en,
				Base,
			);
			mainGroup = 19714D982E20CE7C00471C27;
			minimizedProjectReferenceProxies = 1;
			preferredProjectObjectVersion = 77;
			productRefGroup = 19714DA22E20CE7C00471C27 /* Products */;
			projectDirPath = "";
			projectRoot = "";
			targets = (
				19714DA02E20CE7C00471C27 /* PiggyBank */,
				19714DAD2E20CE7E00471C27 /* PiggyBankTests */,
				19714DB72E20CE7E00471C27 /* PiggyBankUITests */,
			);
		};
/* End PBXProject section */

/* Begin PBXResourcesBuildPhase section */
		19714D9F2E20CE7C00471C27 /* Resources */ = {
			isa = PBXResourcesBuildPhase;
			buildActionMask = 2147483647;
			files = (
			);
			runOnlyForDeploymentPostprocessing = 0;
		};
		19714DAC2E20CE7E00471C27 /* Resources */ = {
			isa = PBXResourcesBuildPhase;
			buildActionMask = 2147483647;
			files = (
			);
			runOnlyForDeploymentPostprocessing = 0;
		};
		19714DB62E20CE7E00471C27 /* Resources */ = {
			isa = PBXResourcesBuildPhase;
			buildActionMask = 2147483647;
			files = (
			);
			runOnlyForDeploymentPostprocessing = 0;
		};
/* End PBXResourcesBuildPhase section */

/* Begin PBXSourcesBuildPhase section */
		19714D9D2E20CE7C00471C27 /* Sources */ = {
			isa = PBXSourcesBuildPhase;
			buildActionMask = 2147483647;
			files = (
			);
			runOnlyForDeploymentPostprocessing = 0;
		};
		19714DAA2E20CE7E00471C27 /* Sources */ = {
			isa = PBXSourcesBuildPhase;
			buildActionMask = 2147483647;
			files = (
			);
			runOnlyForDeploymentPostprocessing = 0;
		};
		19714DB42E20CE7E00471C27 /* Sources */ = {
			isa = PBXSourcesBuildPhase;
			buildActionMask = 2147483647;
			files = (
			);
			runOnlyForDeploymentPostprocessing = 0;
		};
/* End PBXSourcesBuildPhase section */

/* Begin PBXTargetDependency section */
		19714DB02E20CE7E00471C27 /* PBXTargetDependency */ = {
			isa = PBXTargetDependency;
			target = 19714DA02E20CE7C00471C27 /* PiggyBank */;
			targetProxy = 19714DAF2E20CE7E00471C27 /* PBXContainerItemProxy */;
		};
		19714DBA2E20CE7E00471C27 /* PBXTargetDependency */ = {
			isa = PBXTargetDependency;
			target = 19714DA02E20CE7C00471C27 /* PiggyBank */;
			targetProxy = 19714DB92E20CE7E00471C27 /* PBXContainerItemProxy */;
		};
/* End PBXTargetDependency section */

/* Begin XCBuildConfiguration section */
		19714DC02E20CE7E00471C27 /* Debug */ = {
			isa = XCBuildConfiguration;
			buildSettings = {
				ALWAYS_SEARCH_USER_PATHS = NO;
				ASSETCATALOG_COMPILER_GENERATE_SWIFT_ASSET_SYMBOL_EXTENSIONS = YES;
				CLANG_ANALYZER_NONNULL = YES;
				CLANG_ANALYZER_NUMBER_OBJECT_CONVERSION = YES_AGGRESSIVE;
				CLANG_CXX_LANGUAGE_STANDARD = "gnu++20";
				CLANG_ENABLE_MODULES = YES;
				CLANG_ENABLE_OBJC_ARC = YES;
				CLANG_ENABLE_OBJC_WEAK = YES;
				CLANG_WARN_BLOCK_CAPTURE_AUTORELEASING = YES;
				CLANG_WARN_BOOL_CONVERSION = YES;
				CLANG_WARN_COMMA = YES;
				CLANG_WARN_CONSTANT_CONVERSION = YES;
				CLANG_WARN_DEPRECATED_OBJC_IMPLEMENTATIONS = YES;
				CLANG_WARN_DIRECT_OBJC_ISA_USAGE = YES_ERROR;
				CLANG_WARN_DOCUMENTATION_COMMENTS = YES;
				CLANG_WARN_EMPTY_BODY = YES;
				CLANG_WARN_ENUM_CONVERSION = YES;
				CLANG_WARN_INFINITE_RECURSION = YES;
				CLANG_WARN_INT_CONVERSION = YES;
				CLANG_WARN_NON_LITERAL_NULL_CONVERSION = YES;
				CLANG_WARN_OBJC_IMPLICIT_RETAIN_SELF = YES;
				CLANG_WARN_OBJC_LITERAL_CONVERSION = YES;
				CLANG_WARN_OBJC_ROOT_CLASS = YES_ERROR;
				CLANG_WARN_QUOTED_INCLUDE_IN_FRAMEWORK_HEADER = YES;
				CLANG_WARN_RANGE_LOOP_ANALYSIS = YES;
				CLANG_WARN_STRICT_PROTOTYPES = YES;
				CLANG_WARN_SUSPICIOUS_MOVE = YES;
				CLANG_WARN_UNGUARDED_AVAILABILITY = YES_AGGRESSIVE;
				CLANG_WARN_UNREACHABLE_CODE = YES;
				CLANG_WARN__DUPLICATE_METHOD_MATCH = YES;
				COPY_PHASE_STRIP = NO;
				DEBUG_INFORMATION_FORMAT = dwarf;
				ENABLE_STRICT_OBJC_MSGSEND = YES;
				ENABLE_TESTABILITY = YES;
				ENABLE_USER_SCRIPT_SANDBOXING = YES;
				GCC_C_LANGUAGE_STANDARD = gnu17;
				GCC_DYNAMIC_NO_PIC = NO;
				GCC_NO_COMMON_BLOCKS = YES;
				GCC_OPTIMIZATION_LEVEL = 0;
				GCC_PREPROCESSOR_DEFINITIONS = (
					"DEBUG=1",
					"$(inherited)",
				);
				GCC_WARN_64_TO_32_BIT_CONVERSION = YES;
				GCC_WARN_ABOUT_RETURN_TYPE = YES_ERROR;
				GCC_WARN_UNDECLARED_SELECTOR = YES;
				GCC_WARN_UNINITIALIZED_AUTOS = YES_AGGRESSIVE;
				GCC_WARN_UNUSED_FUNCTION = YES;
				GCC_WARN_UNUSED_VARIABLE = YES;
				IPHONEOS_DEPLOYMENT_TARGET = 18.5;
				LOCALIZATION_PREFERS_STRING_CATALOGS = YES;
				MTL_ENABLE_DEBUG_INFO = INCLUDE_SOURCE;
				MTL_FAST_MATH = YES;
				ONLY_ACTIVE_ARCH = YES;
				SDKROOT = iphoneos;
				SWIFT_ACTIVE_COMPILATION_CONDITIONS = "DEBUG $(inherited)";
				SWIFT_OPTIMIZATION_LEVEL = "-Onone";
			};
			name = Debug;
		};
		19714DC12E20CE7E00471C27 /* Release */ = {
			isa = XCBuildConfiguration;
			buildSettings = {
				ALWAYS_SEARCH_USER_PATHS = NO;
				ASSETCATALOG_COMPILER_GENERATE_SWIFT_ASSET_SYMBOL_EXTENSIONS = YES;
				CLANG_ANALYZER_NONNULL = YES;
				CLANG_ANALYZER_NUMBER_OBJECT_CONVERSION = YES_AGGRESSIVE;
				CLANG_CXX_LANGUAGE_STANDARD = "gnu++20";
				CLANG_ENABLE_MODULES = YES;
				CLANG_ENABLE_OBJC_ARC = YES;
				CLANG_ENABLE_OBJC_WEAK = YES;
				CLANG_WARN_BLOCK_CAPTURE_AUTORELEASING = YES;
				CLANG_WARN_BOOL_CONVERSION = YES;
				CLANG_WARN_COMMA = YES;
				CLANG_WARN_CONSTANT_CONVERSION = YES;
				CLANG_WARN_DEPRECATED_OBJC_IMPLEMENTATIONS = YES;
				CLANG_WARN_DIRECT_OBJC_ISA_USAGE = YES_ERROR;
				CLANG_WARN_DOCUMENTATION_COMMENTS = YES;
				CLANG_WARN_EMPTY_BODY = YES;
				CLANG_WARN_ENUM_CONVERSION = YES;
				CLANG_WARN_INFINITE_RECURSION = YES;
				CLANG_WARN_INT_CONVERSION = YES;
				CLANG_WARN_NON_LITERAL_NULL_CONVERSION = YES;
				CLANG_WARN_OBJC_IMPLICIT_RETAIN_SELF = YES;
				CLANG_WARN_OBJC_LITERAL_CONVERSION = YES;
				CLANG_WARN_OBJC_ROOT_CLASS = YES_ERROR;
				CLANG_WARN_QUOTED_INCLUDE_IN_FRAMEWORK_HEADER = YES;
				CLANG_WARN_RANGE_LOOP_ANALYSIS = YES;
				CLANG_WARN_STRICT_PROTOTYPES = YES;
				CLANG_WARN_SUSPICIOUS_MOVE = YES;
				CLANG_WARN_UNGUARDED_AVAILABILITY = YES_AGGRESSIVE;
				CLANG_WARN_UNREACHABLE_CODE = YES;
				CLANG_WARN__DUPLICATE_METHOD_MATCH = YES;
				COPY_PHASE_STRIP = NO;
				DEBUG_INFORMATION_FORMAT = "dwarf-with-dsym";
				ENABLE_NS_ASSERTIONS = NO;
				ENABLE_STRICT_OBJC_MSGSEND = YES;
				ENABLE_USER_SCRIPT_SANDBOXING = YES;
				GCC_C_LANGUAGE_STANDARD = gnu17;
				GCC_NO_COMMON_BLOCKS = YES;
				GCC_WARN_64_TO_32_BIT_CONVERSION = YES;
				GCC_WARN_ABOUT_RETURN_TYPE = YES_ERROR;
				GCC_WARN_UNDECLARED_SELECTOR = YES;
				GCC_WARN_UNINITIALIZED_AUTOS = YES_AGGRESSIVE;
				GCC_WARN_UNUSED_FUNCTION = YES;
				GCC_WARN_UNUSED_VARIABLE = YES;
				IPHONEOS_DEPLOYMENT_TARGET = 18.5;
				LOCALIZATION_PREFERS_STRING_CATALOGS = YES;
				MTL_ENABLE_DEBUG_INFO = NO;
				MTL_FAST_MATH = YES;
				SDKROOT = iphoneos;
				SWIFT_COMPILATION_MODE = wholemodule;
				VALIDATE_PRODUCT = YES;
			};
			name = Release;
		};
		19714DC32E20CE7E00471C27 /* Debug */ = {
			isa = XCBuildConfiguration;
			buildSettings = {
				ASSETCATALOG_COMPILER_APPICON_NAME = AppIcon;
				ASSETCATALOG_COMPILER_GLOBAL_ACCENT_COLOR_NAME = AccentColor;
				CODE_SIGN_STYLE = Automatic;
				CURRENT_PROJECT_VERSION = 1;
				ENABLE_PREVIEWS = YES;
				GENERATE_INFOPLIST_FILE = YES;
				INFOPLIST_KEY_UIApplicationSceneManifest_Generation = YES;
				INFOPLIST_KEY_UIApplicationSupportsIndirectInputEvents = YES;
				INFOPLIST_KEY_UILaunchScreen_Generation = YES;
				INFOPLIST_KEY_UISupportedInterfaceOrientations_iPad = "UIInterfaceOrientationPortrait UIInterfaceOrientationPortraitUpsideDown UIInterfaceOrientationLandscapeLeft UIInterfaceOrientationLandscapeRight";
				INFOPLIST_KEY_UISupportedInterfaceOrientations_iPhone = "UIInterfaceOrientationPortrait UIInterfaceOrientationLandscapeLeft UIInterfaceOrientationLandscapeRight";
				LD_RUNPATH_SEARCH_PATHS = (
					"$(inherited)",
					"@executable_path/Frameworks",
				);
				MARKETING_VERSION = 1.0;
				PRODUCT_BUNDLE_IDENTIFIER = test.PiggyBank;
				PRODUCT_NAME = "$(TARGET_NAME)";
				SWIFT_EMIT_LOC_STRINGS = YES;
				SWIFT_VERSION = 5.0;
				TARGETED_DEVICE_FAMILY = "1,2";
			};
			name = Debug;
		};
		19714DC42E20CE7E00471C27 /* Release */ = {
			isa = XCBuildConfiguration;
			buildSettings = {
				ASSETCATALOG_COMPILER_APPICON_NAME = AppIcon;
				ASSETCATALOG_COMPILER_GLOBAL_ACCENT_COLOR_NAME = AccentColor;
				CODE_SIGN_STYLE = Automatic;
				CURRENT_PROJECT_VERSION = 1;
				ENABLE_PREVIEWS = YES;
				GENERATE_INFOPLIST_FILE = YES;
				INFOPLIST_KEY_UIApplicationSceneManifest_Generation = YES;
				INFOPLIST_KEY_UIApplicationSupportsIndirectInputEvents = YES;
				INFOPLIST_KEY_UILaunchScreen_Generation = YES;
				INFOPLIST_KEY_UISupportedInterfaceOrientations_iPad = "UIInterfaceOrientationPortrait UIInterfaceOrientationPortraitUpsideDown UIInterfaceOrientationLandscapeLeft UIInterfaceOrientationLandscapeRight";
				INFOPLIST_KEY_UISupportedInterfaceOrientations_iPhone = "UIInterfaceOrientationPortrait UIInterfaceOrientationLandscapeLeft UIInterfaceOrientationLandscapeRight";
				LD_RUNPATH_SEARCH_PATHS = (
					"$(inherited)",
					"@executable_path/Frameworks",
				);
				MARKETING_VERSION = 1.0;
				PRODUCT_BUNDLE_IDENTIFIER = test.PiggyBank;
				PRODUCT_NAME = "$(TARGET_NAME)";
				SWIFT_EMIT_LOC_STRINGS = YES;
				SWIFT_VERSION = 5.0;
				TARGETED_DEVICE_FAMILY = "1,2";
			};
			name = Release;
		};
		19714DC62E20CE7E00471C27 /* Debug */ = {
			isa = XCBuildConfiguration;
			buildSettings = {
				BUNDLE_LOADER = "$(TEST_HOST)";
				CODE_SIGN_STYLE = Automatic;
				CURRENT_PROJECT_VERSION = 1;
				GENERATE_INFOPLIST_FILE = YES;
				IPHONEOS_DEPLOYMENT_TARGET = 18.5;
				MARKETING_VERSION = 1.0;
				PRODUCT_BUNDLE_IDENTIFIER = test.PiggyBankTests;
				PRODUCT_NAME = "$(TARGET_NAME)";
				SWIFT_EMIT_LOC_STRINGS = NO;
				SWIFT_VERSION = 5.0;
				TARGETED_DEVICE_FAMILY = "1,2";
				TEST_HOST = "$(BUILT_PRODUCTS_DIR)/PiggyBank.app/$(BUNDLE_EXECUTABLE_FOLDER_PATH)/PiggyBank";
			};
			name = Debug;
		};
		19714DC72E20CE7E00471C27 /* Release */ = {
			isa = XCBuildConfiguration;
			buildSettings = {
				BUNDLE_LOADER = "$(TEST_HOST)";
				CODE_SIGN_STYLE = Automatic;
				CURRENT_PROJECT_VERSION = 1;
				GENERATE_INFOPLIST_FILE = YES;
				IPHONEOS_DEPLOYMENT_TARGET = 18.5;
				MARKETING_VERSION = 1.0;
				PRODUCT_BUNDLE_IDENTIFIER = test.PiggyBankTests;
				PRODUCT_NAME = "$(TARGET_NAME)";
				SWIFT_EMIT_LOC_STRINGS = NO;
				SWIFT_VERSION = 5.0;
				TARGETED_DEVICE_FAMILY = "1,2";
				TEST_HOST = "$(BUILT_PRODUCTS_DIR)/PiggyBank.app/$(BUNDLE_EXECUTABLE_FOLDER_PATH)/PiggyBank";
			};
			name = Release;
		};
		19714DC92E20CE7E00471C27 /* Debug */ = {
			isa = XCBuildConfiguration;
			buildSettings = {
				CODE_SIGN_STYLE = Automatic;
				CURRENT_PROJECT_VERSION = 1;
				GENERATE_INFOPLIST_FILE = YES;
				MARKETING_VERSION = 1.0;
				PRODUCT_BUNDLE_IDENTIFIER = test.PiggyBankUITests;
				PRODUCT_NAME = "$(TARGET_NAME)";
				SWIFT_EMIT_LOC_STRINGS = NO;
				SWIFT_VERSION = 5.0;
				TARGETED_DEVICE_FAMILY = "1,2";
				TEST_TARGET_NAME = PiggyBank;
			};
			name = Debug;
		};
		19714DCA2E20CE7E00471C27 /* Release */ = {
			isa = XCBuildConfiguration;
			buildSettings = {
				CODE_SIGN_STYLE = Automatic;
				CURRENT_PROJECT_VERSION = 1;
				GENERATE_INFOPLIST_FILE = YES;
				MARKETING_VERSION = 1.0;
				PRODUCT_BUNDLE_IDENTIFIER = test.PiggyBankUITests;
				PRODUCT_NAME = "$(TARGET_NAME)";
				SWIFT_EMIT_LOC_STRINGS = NO;
				SWIFT_VERSION = 5.0;
				TARGETED_DEVICE_FAMILY = "1,2";
				TEST_TARGET_NAME = PiggyBank;
			};
			name = Release;
		};
/* End XCBuildConfiguration section */

/* Begin XCConfigurationList section */
		19714D9C2E20CE7C00471C27 /* Build configuration list for PBXProject "PiggyBank" */ = {
			isa = XCConfigurationList;
			buildConfigurations = (
				19714DC02E20CE7E00471C27 /* Debug */,
				19714DC12E20CE7E00471C27 /* Release */,
			);
			defaultConfigurationIsVisible = 0;
			defaultConfigurationName = Release;
		};
		19714DC22E20CE7E00471C27 /* Build configuration list for PBXNativeTarget "PiggyBank" */ = {
			isa = XCConfigurationList;
			buildConfigurations = (
				19714DC32E20CE7E00471C27 /* Debug */,
				19714DC42E20CE7E00471C27 /* Release */,
			);
			defaultConfigurationIsVisible = 0;
			defaultConfigurationName = Release;
		};
		19714DC52E20CE7E00471C27 /* Build configuration list for PBXNativeTarget "PiggyBankTests" */ = {
			isa = XCConfigurationList;
			buildConfigurations = (
				19714DC62E20CE7E00471C27 /* Debug */,
				19714DC72E20CE7E00471C27 /* Release */,
			);
			defaultConfigurationIsVisible = 0;
			defaultConfigurationName = Release;
		};
		19714DC82E20CE7E00471C27 /* Build configuration list for PBXNativeTarget "PiggyBankUITests" */ = {
			isa = XCConfigurationList;
			buildConfigurations = (
				19714DC92E20CE7E00471C27 /* Debug */,
				19714DCA2E20CE7E00471C27 /* Release */,
			);
			defaultConfigurationIsVisible = 0;
			defaultConfigurationName = Release;
		};
/* End XCConfigurationList section */
	};
	rootObject = 19714D992E20CE7C00471C27 /* Project object */;
}
